// !$*UTF8*$!
{
	archiveVersion = 1;
	classes = {
	};
	objectVersion = 63;
	objects = {

/* Begin PBXBuildFile section */
		2BECCD5D5EA30696085E40C6 /* AVFoundation.framework in Frameworks */ = {isa = PBXBuildFile; fileRef = 411266EC4B25B6A0E8C4DA9F /* AVFoundation.framework */; };
		332D37D94796AFFF4426CC54 /* QuartzCore.framework in Frameworks */ = {isa = PBXBuildFile; fileRef = 35DB6DCE125BC4776E22A7AF /* QuartzCore.framework */; };
		3BDCC9517AC0B0007E434351 /* Foundation.framework in Frameworks */ = {isa = PBXBuildFile; fileRef = AB831A949391BB78BD3024B1 /* Foundation.framework */; };
		4CA24ECC3910DCF70C2348D2 /* AudioToolbox.framework in Frameworks */ = {isa = PBXBuildFile; fileRef = 866EA3D6D46FA7D451906400 /* AudioToolbox.framework */; };
		67D07728E21A44B582DACECD /* main.m in Sources */ = {isa = PBXBuildFile; fileRef = B6A7FAB55DD364DA76D161D5 /* main.m */; };
		8F1A56B95DB02D0BD6A61E0B /* UIKit.framework in Frameworks */ = {isa = PBXBuildFile; fileRef = AC1C8D25F21425E7629AE1F1 /* UIKit.framework */; };
		B9AD37BE12AD2DC4170C79CB /* Metal.framework in Frameworks */ = {isa = PBXBuildFile; fileRef = 6CEE2737DD9A53226249AE2C /* Metal.framework */; };
		C7B5030BB3E248C4B0148267 /* MetalKit.framework in Frameworks */ = {isa = PBXBuildFile; fileRef = B969D4D0EA347FEA3E4E1D9A /* MetalKit.framework */; };
/* End PBXBuildFile section */

/* Begin PBXFileReference section */
		35DB6DCE125BC4776E22A7AF /* QuartzCore.framework */ = {isa = PBXFileReference; lastKnownFileType = wrapper.framework; name = QuartzCore.framework; path = System/Library/Frameworks/QuartzCore.framework; sourceTree = SDKROOT; };
		411266EC4B25B6A0E8C4DA9F /* AVFoundation.framework */ = {isa = PBXFileReference; lastKnownFileType = wrapper.framework; name = AVFoundation.framework; path = System/Library/Frameworks/AVFoundation.framework; sourceTree = SDKROOT; };
		4FECF5843D94BAE23E49D703 /* VoxelEditorHost.app */ = {isa = PBXFileReference; explicitFileType = wrapper.application; includeInIndex = 0; path = VoxelEditorHost.app; sourceTree = BUILT_PRODUCTS_DIR; };
		6CEE2737DD9A53226249AE2C /* Metal.framework */ = {isa = PBXFileReference; lastKnownFileType = wrapper.framework; name = Metal.framework; path = System/Library/Frameworks/Metal.framework; sourceTree = SDKROOT; };
		866EA3D6D46FA7D451906400 /* AudioToolbox.framework */ = {isa = PBXFileReference; lastKnownFileType = wrapper.framework; name = AudioToolbox.framework; path = System/Library/Frameworks/AudioToolbox.framework; sourceTree = SDKROOT; };
		AB831A949391BB78BD3024B1 /* Foundation.framework */ = {isa = PBXFileReference; lastKnownFileType = wrapper.framework; name = Foundation.framework; path = System/Library/Frameworks/Foundation.framework; sourceTree = SDKROOT; };
		AC1C8D25F21425E7629AE1F1 /* UIKit.framework */ = {isa = PBXFileReference; lastKnownFileType = wrapper.framework; name = UIKit.framework; path = System/Library/Frameworks/UIKit.framework; sourceTree = SDKROOT; };
		B6A7FAB55DD364DA76D161D5 /* main.m */ = {isa = PBXFileReference; lastKnownFileType = sourcecode.c.objc; path = main.m; sourceTree = "<group>"; };
		B969D4D0EA347FEA3E4E1D9A /* MetalKit.framework */ = {isa = PBXFileReference; lastKnownFileType = wrapper.framework; name = MetalKit.framework; path = System/Library/Frameworks/MetalKit.framework; sourceTree = SDKROOT; };
/* End PBXFileReference section */

/* Begin PBXFrameworksBuildPhase section */
		F26768A9ED631FBBF6E22F74 /* Frameworks */ = {
			isa = PBXFrameworksBuildPhase;
			buildActionMask = 2147483647;
			files = (
				3BDCC9517AC0B0007E434351 /* Foundation.framework in Frameworks */,
				8F1A56B95DB02D0BD6A61E0B /* UIKit.framework in Frameworks */,
				B9AD37BE12AD2DC4170C79CB /* Metal.framework in Frameworks */,
				C7B5030BB3E248C4B0148267 /* MetalKit.framework in Frameworks */,
				332D37D94796AFFF4426CC54 /* QuartzCore.framework in Frameworks */,
				4CA24ECC3910DCF70C2348D2 /* AudioToolbox.framework in Frameworks */,
				2BECCD5D5EA30696085E40C6 /* AVFoundation.framework in Frameworks */,
			);
			runOnlyForDeploymentPostprocessing = 0;
		};
/* End PBXFrameworksBuildPhase section */

/* Begin PBXGroup section */
		200283A23A3D78F49105E4C6 = {
			isa = PBXGroup;
			children = (
				7A84A0DD1DC65CAF3AD53062 /* Sources */,
				5242963C88B951D62DD36B38 /* Frameworks */,
				F0AA5D59E9B7F3FC062A8D05 /* Products */,
			);
			sourceTree = "<group>";
		};
		5242963C88B951D62DD36B38 /* Frameworks */ = {
			isa = PBXGroup;
			children = (
				866EA3D6D46FA7D451906400 /* AudioToolbox.framework */,
				411266EC4B25B6A0E8C4DA9F /* AVFoundation.framework */,
				AB831A949391BB78BD3024B1 /* Foundation.framework */,
				6CEE2737DD9A53226249AE2C /* Metal.framework */,
				B969D4D0EA347FEA3E4E1D9A /* MetalKit.framework */,
				35DB6DCE125BC4776E22A7AF /* QuartzCore.framework */,
				AC1C8D25F21425E7629AE1F1 /* UIKit.framework */,
			);
			name = Frameworks;
			sourceTree = "<group>";
		};
		7A84A0DD1DC65CAF3AD53062 /* Sources */ = {
			isa = PBXGroup;
			children = (
				B6A7FAB55DD364DA76D161D5 /* main.m */,
			);
			path = Sources;
			sourceTree = "<group>";
		};
		F0AA5D59E9B7F3FC062A8D05 /* Products */ = {
			isa = PBXGroup;
			children = (
				4FECF5843D94BAE23E49D703 /* VoxelEditorHost.app */,
			);
			name = Products;
			sourceTree = "<group>";
		};
/* End PBXGroup section */

/* Begin PBXNativeTarget section */
		1FBBE872398D795FF3D4814E /* VoxelEditorHost */ = {
			isa = PBXNativeTarget;
			buildConfigurationList = 6A2A3F9E50B4646B79E6F86E /* Build configuration list for PBXNativeTarget "VoxelEditorHost" */;
			buildPhases = (
				1DAC87A0F3858857C62BDC9E /* Build Zig iOS Library */,
				1D238D388A843814F2C9F77F /* Sources */,
				F26768A9ED631FBBF6E22F74 /* Frameworks */,
			);
			buildRules = (
			);
			dependencies = (
			);
			name = VoxelEditorHost;
			packageProductDependencies = (
			);
			productName = VoxelEditorHost;
			productReference = 4FECF5843D94BAE23E49D703 /* VoxelEditorHost.app */;
			productType = "com.apple.product-type.application";
		};
/* End PBXNativeTarget section */

/* Begin PBXProject section */
		E5F1E3ED2EF67B7C05DA82E7 /* Project object */ = {
			isa = PBXProject;
			attributes = {
				BuildIndependentTargetsInParallel = YES;
				LastUpgradeCheck = 1430;
			};
			buildConfigurationList = C500793F415ADD785C198AE3 /* Build configuration list for PBXProject "VoxelEditorHost" */;
			compatibilityVersion = "Xcode 14.0";
			developmentRegion = en;
			hasScannedForEncodings = 0;
			knownRegions = (
				Base,
				en,
			);
			mainGroup = 200283A23A3D78F49105E4C6;
			minimizedProjectReferenceProxies = 1;
			projectDirPath = "";
			projectRoot = "";
			targets = (
				1FBBE872398D795FF3D4814E /* VoxelEditorHost */,
			);
		};
/* End PBXProject section */

/* Begin PBXShellScriptBuildPhase section */
		1DAC87A0F3858857C62BDC9E /* Build Zig iOS Library */ = {
			isa = PBXShellScriptBuildPhase;
			buildActionMask = 2147483647;
			files = (
			);
			inputFileListPaths = (
			);
			inputPaths = (
				"$(SRCROOT)/../../build.zig",
				"$(SRCROOT)/../../build.zig.zon",
				"$(SRCROOT)/../../src",
				"$(SRCROOT)/../../third_party/sokol",
				"$(SRCROOT)/../../third_party/cimgui",
				"$(SRCROOT)/../../third_party/ios_shims",
			);
			name = "Build Zig iOS Library";
			outputFileListPaths = (
			);
			outputPaths = (
				"$(DERIVED_FILE_DIR)/zig-libs/$(PLATFORM_NAME)-$(NATIVE_ARCH_ACTUAL)/libvoxel_editor_ios.a",
				"$(DERIVED_FILE_DIR)/zig-libs/$(PLATFORM_NAME)-$(NATIVE_ARCH_ACTUAL)/libsokol_clib_ios.a",
			);
			runOnlyForDeploymentPostprocessing = 0;
			shellPath = /bin/sh;
			shellScript = "set -euo pipefail\ncd \"$SRCROOT/../..\"\nif command -v zig >/dev/null 2>&1; then\n  ZIG_BIN=\"$(command -v zig)\"\nelif [ -x /opt/homebrew/bin/zig ]; then\n  ZIG_BIN=/opt/homebrew/bin/zig\nelif [ -x /usr/local/bin/zig ]; then\n  ZIG_BIN=/usr/local/bin/zig\nelse\n  echo \"error: zig not found. Install Zig or add it to PATH for Xcode build scripts.\"\n  exit 1\nfi\ncase \"${NATIVE_ARCH_ACTUAL:-arm64}\" in\n  arm64) IOS_ARCH=aarch64 ;;\n  x86_64) IOS_ARCH=x86_64 ;;\n  *)\n    echo \"error: unsupported iOS arch '${NATIVE_ARCH_ACTUAL:-unknown}'\"\n    exit 1\n    ;;\nesac\nif [ \"${PLATFORM_NAME:-iphoneos}\" = \"iphonesimulator\" ]; then\n  IOS_SDK=\"$(xcrun --sdk iphonesimulator --show-sdk-path)\"\n  IOS_SIM=true\nelse\n  IOS_SDK=\"$(xcrun --sdk iphoneos --show-sdk-path)\"\n  IOS_SIM=false\nfi\n\"$ZIG_BIN\" build ios -Dios_sdk=\"$IOS_SDK\" -Dios_simulator=\"$IOS_SIM\" -Dios_arch=\"$IOS_ARCH\"\nOUT_DIR=\"$DERIVED_FILE_DIR/zig-libs/$PLATFORM_NAME-$NATIVE_ARCH_ACTUAL\"\nmkdir -p \"$OUT_DIR\"\ncp -f \"zig-out/lib/libvoxel_editor_ios.a\" \"$OUT_DIR/libvoxel_editor_ios.a\"\ncp -f \"zig-out/lib/libsokol_clib_ios.a\" \"$OUT_DIR/libsokol_clib_ios.a\"\n";
		};
/* End PBXShellScriptBuildPhase section */

/* Begin PBXSourcesBuildPhase section */
		1D238D388A843814F2C9F77F /* Sources */ = {
			isa = PBXSourcesBuildPhase;
			buildActionMask = 2147483647;
			files = (
				67D07728E21A44B582DACECD /* main.m in Sources */,
			);
			runOnlyForDeploymentPostprocessing = 0;
		};
/* End PBXSourcesBuildPhase section */

/* Begin XCBuildConfiguration section */
		58D15FEC56787633418E3E57 /* Release */ = {
			isa = XCBuildConfiguration;
			buildSettings = {
				ALWAYS_SEARCH_USER_PATHS = NO;
				CLANG_ANALYZER_NONNULL = YES;
				CLANG_ANALYZER_NUMBER_OBJECT_CONVERSION = YES_AGGRESSIVE;
				CLANG_CXX_LANGUAGE_STANDARD = "gnu++14";
				CLANG_CXX_LIBRARY = "libc++";
				CLANG_ENABLE_MODULES = YES;
				CLANG_ENABLE_OBJC_ARC = YES;
				CLANG_ENABLE_OBJC_WEAK = YES;
				CLANG_WARN_BLOCK_CAPTURE_AUTORELEASING = YES;
				CLANG_WARN_BOOL_CONVERSION = YES;
				CLANG_WARN_COMMA = YES;
				CLANG_WARN_CONSTANT_CONVERSION = YES;
				CLANG_WARN_DEPRECATED_OBJC_IMPLEMENTATIONS = YES;
				CLANG_WARN_DIRECT_OBJC_ISA_USAGE = YES_ERROR;
				CLANG_WARN_DOCUMENTATION_COMMENTS = YES;
				CLANG_WARN_EMPTY_BODY = YES;
				CLANG_WARN_ENUM_CONVERSION = YES;
				CLANG_WARN_INFINITE_RECURSION = YES;
				CLANG_WARN_INT_CONVERSION = YES;
				CLANG_WARN_NON_LITERAL_NULL_CONVERSION = YES;
				CLANG_WARN_OBJC_IMPLICIT_RETAIN_SELF = YES;
				CLANG_WARN_OBJC_LITERAL_CONVERSION = YES;
				CLANG_WARN_OBJC_ROOT_CLASS = YES_ERROR;
				CLANG_WARN_QUOTED_INCLUDE_IN_FRAMEWORK_HEADER = YES;
				CLANG_WARN_RANGE_LOOP_ANALYSIS = YES;
				CLANG_WARN_STRICT_PROTOTYPES = YES;
				CLANG_WARN_SUSPICIOUS_MOVE = YES;
				CLANG_WARN_UNGUARDED_AVAILABILITY = YES_AGGRESSIVE;
				CLANG_WARN_UNREACHABLE_CODE = YES;
				CLANG_WARN__DUPLICATE_METHOD_MATCH = YES;
				COPY_PHASE_STRIP = NO;
				DEBUG_INFORMATION_FORMAT = "dwarf-with-dsym";
				ENABLE_NS_ASSERTIONS = NO;
				ENABLE_STRICT_OBJC_MSGSEND = YES;
				GCC_C_LANGUAGE_STANDARD = gnu11;
				GCC_NO_COMMON_BLOCKS = YES;
				GCC_WARN_64_TO_32_BIT_CONVERSION = YES;
				GCC_WARN_ABOUT_RETURN_TYPE = YES_ERROR;
				GCC_WARN_UNDECLARED_SELECTOR = YES;
				GCC_WARN_UNINITIALIZED_AUTOS = YES_AGGRESSIVE;
				GCC_WARN_UNUSED_FUNCTION = YES;
				GCC_WARN_UNUSED_VARIABLE = YES;
				GENERATE_INFOPLIST_FILE = YES;
				IPHONEOS_DEPLOYMENT_TARGET = 17.0;
				MTL_ENABLE_DEBUG_INFO = NO;
				MTL_FAST_MATH = YES;
				PRODUCT_NAME = "$(TARGET_NAME)";
				SDKROOT = iphoneos;
				SWIFT_COMPILATION_MODE = wholemodule;
				SWIFT_OPTIMIZATION_LEVEL = "-O";
				SWIFT_VERSION = 5.0;
			};
			name = Release;
		};
		5A352529B379D4876ACE4896 /* Debug */ = {
			isa = XCBuildConfiguration;
			buildSettings = {
				ASSETCATALOG_COMPILER_APPICON_NAME = AppIcon;
				CLANG_ENABLE_MODULES = NO;
				CLANG_MODULES_AUTOLINK = NO;
				CODE_SIGN_IDENTITY = "iPhone Developer";
				DEVELOPMENT_TEAM = GGWWT3W3W9;
				INFOPLIST_KEY_UIApplicationSceneManifest_Generation = NO;
				INFOPLIST_KEY_UISupportedInterfaceOrientations_iPad = "UIInterfaceOrientationPortrait UIInterfaceOrientationPortraitUpsideDown UIInterfaceOrientationLandscapeLeft UIInterfaceOrientationLandscapeRight";
				INFOPLIST_KEY_UISupportedInterfaceOrientations_iPhone = "UIInterfaceOrientationPortrait UIInterfaceOrientationLandscapeLeft UIInterfaceOrientationLandscapeRight";
				LD_RUNPATH_SEARCH_PATHS = (
					"$(inherited)",
					"@executable_path/Frameworks",
				);
				LIBRARY_SEARCH_PATHS = (
					"$(inherited)",
					"$(DERIVED_FILE_DIR)/zig-libs/$(PLATFORM_NAME)-$(NATIVE_ARCH_ACTUAL)",
					"$(SRCROOT)/../../zig-out/lib",
				);
				OTHER_LDFLAGS = (
					"$(inherited)",
					"-lvoxel_editor_ios",
					"-lsokol_clib_ios",
					"-lc++",
				);
				PRODUCT_BUNDLE_IDENTIFIER = com.cabernal.voxeleditorhost;
				PRODUCT_NAME = VoxelEditorHost;
				SDKROOT = iphoneos;
				TARGETED_DEVICE_FAMILY = "1,2";
			};
			name = Debug;
		};
		822C2C4BE80A9897E6813074 /* Release */ = {
			isa = XCBuildConfiguration;
			buildSettings = {
				ASSETCATALOG_COMPILER_APPICON_NAME = AppIcon;
				CLANG_ENABLE_MODULES = NO;
				CLANG_MODULES_AUTOLINK = NO;
				CODE_SIGN_IDENTITY = "iPhone Developer";
				DEVELOPMENT_TEAM = GGWWT3W3W9;
				INFOPLIST_KEY_UIApplicationSceneManifest_Generation = NO;
				INFOPLIST_KEY_UISupportedInterfaceOrientations_iPad = "UIInterfaceOrientationPortrait UIInterfaceOrientationPortraitUpsideDown UIInterfaceOrientationLandscapeLeft UIInterfaceOrientationLandscapeRight";
				INFOPLIST_KEY_UISupportedInterfaceOrientations_iPhone = "UIInterfaceOrientationPortrait UIInterfaceOrientationLandscapeLeft UIInterfaceOrientationLandscapeRight";
				LD_RUNPATH_SEARCH_PATHS = (
					"$(inherited)",
					"@executable_path/Frameworks",
				);
				LIBRARY_SEARCH_PATHS = (
					"$(inherited)",
					"$(DERIVED_FILE_DIR)/zig-libs/$(PLATFORM_NAME)-$(NATIVE_ARCH_ACTUAL)",
					"$(SRCROOT)/../../zig-out/lib",
				);
				OTHER_LDFLAGS = (
					"$(inherited)",
					"-lvoxel_editor_ios",
					"-lsokol_clib_ios",
					"-lc++",
				);
				PRODUCT_BUNDLE_IDENTIFIER = com.cabernal.voxeleditorhost;
				PRODUCT_NAME = VoxelEditorHost;
				SDKROOT = iphoneos;
				TARGETED_DEVICE_FAMILY = "1,2";
			};
			name = Release;
		};
		A1ED39853C4BD8F7B748D765 /* Debug */ = {
			isa = XCBuildConfiguration;
			buildSettings = {
				ALWAYS_SEARCH_USER_PATHS = NO;
				CLANG_ANALYZER_NONNULL = YES;
				CLANG_ANALYZER_NUMBER_OBJECT_CONVERSION = YES_AGGRESSIVE;
				CLANG_CXX_LANGUAGE_STANDARD = "gnu++14";
				CLANG_CXX_LIBRARY = "libc++";
				CLANG_ENABLE_MODULES = YES;
				CLANG_ENABLE_OBJC_ARC = YES;
				CLANG_ENABLE_OBJC_WEAK = YES;
				CLANG_WARN_BLOCK_CAPTURE_AUTORELEASING = YES;
				CLANG_WARN_BOOL_CONVERSION = YES;
				CLANG_WARN_COMMA = YES;
				CLANG_WARN_CONSTANT_CONVERSION = YES;
				CLANG_WARN_DEPRECATED_OBJC_IMPLEMENTATIONS = YES;
				CLANG_WARN_DIRECT_OBJC_ISA_USAGE = YES_ERROR;
				CLANG_WARN_DOCUMENTATION_COMMENTS = YES;
				CLANG_WARN_EMPTY_BODY = YES;
				CLANG_WARN_ENUM_CONVERSION = YES;
				CLANG_WARN_INFINITE_RECURSION = YES;
				CLANG_WARN_INT_CONVERSION = YES;
				CLANG_WARN_NON_LITERAL_NULL_CONVERSION = YES;
				CLANG_WARN_OBJC_IMPLICIT_RETAIN_SELF = YES;
				CLANG_WARN_OBJC_LITERAL_CONVERSION = YES;
				CLANG_WARN_OBJC_ROOT_CLASS = YES_ERROR;
				CLANG_WARN_QUOTED_INCLUDE_IN_FRAMEWORK_HEADER = YES;
				CLANG_WARN_RANGE_LOOP_ANALYSIS = YES;
				CLANG_WARN_STRICT_PROTOTYPES = YES;
				CLANG_WARN_SUSPICIOUS_MOVE = YES;
				CLANG_WARN_UNGUARDED_AVAILABILITY = YES_AGGRESSIVE;
				CLANG_WARN_UNREACHABLE_CODE = YES;
				CLANG_WARN__DUPLICATE_METHOD_MATCH = YES;
				COPY_PHASE_STRIP = NO;
				DEBUG_INFORMATION_FORMAT = dwarf;
				ENABLE_STRICT_OBJC_MSGSEND = YES;
				ENABLE_TESTABILITY = YES;
				GCC_C_LANGUAGE_STANDARD = gnu11;
				GCC_DYNAMIC_NO_PIC = NO;
				GCC_NO_COMMON_BLOCKS = YES;
				GCC_OPTIMIZATION_LEVEL = 0;
				GCC_PREPROCESSOR_DEFINITIONS = (
					"$(inherited)",
					"DEBUG=1",
				);
				GCC_WARN_64_TO_32_BIT_CONVERSION = YES;
				GCC_WARN_ABOUT_RETURN_TYPE = YES_ERROR;
				GCC_WARN_UNDECLARED_SELECTOR = YES;
				GCC_WARN_UNINITIALIZED_AUTOS = YES_AGGRESSIVE;
				GCC_WARN_UNUSED_FUNCTION = YES;
				GCC_WARN_UNUSED_VARIABLE = YES;
				GENERATE_INFOPLIST_FILE = YES;
				IPHONEOS_DEPLOYMENT_TARGET = 17.0;
				MTL_ENABLE_DEBUG_INFO = INCLUDE_SOURCE;
				MTL_FAST_MATH = YES;
				ONLY_ACTIVE_ARCH = YES;
				PRODUCT_NAME = "$(TARGET_NAME)";
				SDKROOT = iphoneos;
				SWIFT_ACTIVE_COMPILATION_CONDITIONS = DEBUG;
				SWIFT_OPTIMIZATION_LEVEL = "-Onone";
				SWIFT_VERSION = 5.0;
			};
			name = Debug;
		};
/* End XCBuildConfiguration section */

/* Begin XCConfigurationList section */
		6A2A3F9E50B4646B79E6F86E /* Build configuration list for PBXNativeTarget "VoxelEditorHost" */ = {
			isa = XCConfigurationList;
			buildConfigurations = (
				5A352529B379D4876ACE4896 /* Debug */,
				822C2C4BE80A9897E6813074 /* Release */,
			);
			defaultConfigurationIsVisible = 0;
			defaultConfigurationName = Debug;
		};
		C500793F415ADD785C198AE3 /* Build configuration list for PBXProject "VoxelEditorHost" */ = {
			isa = XCConfigurationList;
			buildConfigurations = (
				A1ED39853C4BD8F7B748D765 /* Debug */,
				58D15FEC56787633418E3E57 /* Release */,
			);
			defaultConfigurationIsVisible = 0;
			defaultConfigurationName = Debug;
		};
/* End XCConfigurationList section */
	};
	rootObject = E5F1E3ED2EF67B7C05DA82E7 /* Project object */;
}
